
Microsoft Visual Studio Solution File, Format Version 12.00
# Visual Studio Version 17
VisualStudioVersion = 17.6.33723.286
MinimumVisualStudioVersion = 10.0.40219.1
Project("{FAE04EC0-301F-11D3-BF4B-00C04F79EFBC}") = "PixelViwer", "PixelViwer\PixelViwer.csproj", "{84B64F6E-093E-4650-933C-D56FA47B03F6}"
EndProject
Project("{FAE04EC0-301F-11D3-BF4B-00C04F79EFBC}") = "QSoft.YUV", "QSoft.YUV\QSoft.YUV.csproj", "{E1AE2733-25E2-42D4-A39D-16B163A80B61}"
EndProject
Project("{FAE04EC0-301F-11D3-BF4B-00C04F79EFBC}") = "SIMD_NET6", "SIMD_NET6\SIMD_NET6.csproj", "{35BD598B-AA8D-41E6-A4D9-516D34C17DB9}"
EndProject
Global
	GlobalSection(SolutionConfigurationPlatforms) = preSolution
		Debug|Any CPU = Debug|Any CPU
		Release|Any CPU = Release|Any CPU
	EndGlobalSection
	GlobalSection(ProjectConfigurationPlatforms) = postSolution
		{84B64F6E-093E-4650-933C-D56FA47B03F6}.Debug|Any CPU.ActiveCfg = Debug|Any CPU
		{84B64F6E-093E-4650-933C-D56FA47B03F6}.Debug|Any CPU.Build.0 = Debug|Any CPU
		{84B64F6E-093E-4650-933C-D56FA47B03F6}.Release|Any CPU.ActiveCfg = Release|Any CPU
		{84B64F6E-093E-4650-933C-D56FA47B03F6}.Release|Any CPU.Build.0 = Release|Any CPU
		{E1AE2733-25E2-42D4-A39D-16B163A80B61}.Debug|Any CPU.ActiveCfg = Debug|Any CPU
		{E1AE2733-25E2-42D4-A39D-16B163A80B61}.Debug|Any CPU.Build.0 = Debug|Any CPU
		{E1AE2733-25E2-42D4-A39D-16B163A80B61}.Release|Any CPU.ActiveCfg = Release|Any CPU
		{E1AE2733-25E2-42D4-A39D-16B163A80B61}.Release|Any CPU.Build.0 = Release|Any CPU
		{35BD598B-AA8D-41E6-A4D9-516D34C17DB9}.Debug|Any CPU.ActiveCfg = Debug|Any CPU
		{35BD598B-AA8D-41E6-A4D9-516D34C17DB9}.Debug|Any CPU.Build.0 = Debug|Any CPU
		{35BD598B-AA8D-41E6-A4D9-516D34C17DB9}.Release|Any CPU.ActiveCfg = Release|Any CPU
		{35BD598B-AA8D-41E6-A4D9-516D34C17DB9}.Release|Any CPU.Build.0 = Release|Any CPU
	EndGlobalSection
	GlobalSection(SolutionProperties) = preSolution
		HideSolutionNode = FALSE
	EndGlobalSection
	GlobalSection(ExtensibilityGlobals) = postSolution
		SolutionGuid = {11EE12EE-A27F-4144-9C9B-3A0591879B98}
	EndGlobalSection
EndGlobal
